
Microsoft Visual Studio Solution File, Format Version 12.00
# Visual Studio Version 16
VisualStudioVersion = 16.0.34301.259
MinimumVisualStudioVersion = 10.0.40219.1
Project("{FAE04EC0-301F-11D3-BF4B-00C04F79EFBC}") = "_MDK_0101_WPF_Work_1_", "_MDK_0101_WPF_Work_1_\_MDK_0101_WPF_Work_1_.csproj", "{04979D92-6A23-4908-9457-B1CE42FEA615}"
EndProject
Global
	GlobalSection(SolutionConfigurationPlatforms) = preSolution
		Debug|Any CPU = Debug|Any CPU
		Release|Any CPU = Release|Any CPU
	EndGlobalSection
	GlobalSection(ProjectConfigurationPlatforms) = postSolution
		{04979D92-6A23-4908-9457-B1CE42FEA615}.Debug|Any CPU.ActiveCfg = Debug|Any CPU
		{04979D92-6A23-4908-9457-B1CE42FEA615}.Debug|Any CPU.Build.0 = Debug|Any CPU
		{04979D92-6A23-4908-9457-B1CE42FEA615}.Release|Any CPU.ActiveCfg = Release|Any CPU
		{04979D92-6A23-4908-9457-B1CE42FEA615}.Release|Any CPU.Build.0 = Release|Any CPU
	EndGlobalSection
	GlobalSection(SolutionProperties) = preSolution
		HideSolutionNode = FALSE
	EndGlobalSection
	GlobalSection(ExtensibilityGlobals) = postSolution
		SolutionGuid = {2D4ED792-BA80-444F-A53B-85C5E8756D8B}
	EndGlobalSection
EndGlobal
